schema: '2.0'
stages:
  load_data:
    cmd: python src\load_data.py --config=params.yaml
    deps:
    - path: data_given\winequality.csv
      md5: ccc8d3507eb151f53f760d36abdef888
      size: 91998
    - path: src\get_data.py
      md5: f79dcc388f5c113c50f3e2a12653a228
      size: 694
    - path: src\load_data.py
      md5: 90c28522d8e1356c3515de1578b43088
      size: 677
    outs:
    - path: data\raw\winequality.csv
      md5: dcb9f7736a81b73cf4cf803b5ef3f07e
      size: 102550
  split_data:
    cmd: python src\split_data.py --config=params.yaml
    deps:
    - path: data\raw\winequality.csv
      md5: dcb9f7736a81b73cf4cf803b5ef3f07e
      size: 102550
    - path: src\get_data.py
      md5: f79dcc388f5c113c50f3e2a12653a228
      size: 694
    - path: src\split_data.py
      md5: f85c8c98d1385b2442ea361f07a71c61
      size: 1073
    outs:
    - path: data\processed\test_winequality.csv
      md5: 5787b15b8bb42aa53b817010d433f041
      size: 19422
    - path: data\processed\train_winequality.csv
      md5: e320178d92172ce1a1cbcbe92e6bdfa1
      size: 77345
  train_and_evaluate:
    cmd: python src\train_and_evaluate.py --config=params.yaml
    deps:
    - path: data\processed\test_winequality.csv
      md5: 5787b15b8bb42aa53b817010d433f041
      size: 19422
    - path: data\processed\train_winequality.csv
      md5: e320178d92172ce1a1cbcbe92e6bdfa1
      size: 77345
    - path: src\get_data.py
      md5: f79dcc388f5c113c50f3e2a12653a228
      size: 694
    - path: src\train_and_evaluate.py
      md5: 14afbd493480fb4658ca456740a02c1e
      size: 2546
    params:
      params.yaml:
        estimators.ElasticNet.params.alpha: 0.9
        estimators.ElasticNet.params.l1_ratio: 0.4
    outs:
    - path: report\params.json
      md5: a4aab0167612f21a6085dd05cfafdbf6
      size: 44
    - path: report\scores.json
      md5: 197061f4c55dbe468648517d55599293
      size: 106
    - path: saved_models\model.joblib
      md5: 26466816ad36e2873c54f6d6ac7ed0f9
      size: 818
